{
    "_meta": {
        "hash": {
            "sha256": "51b8ad2d5ac929c4d54b859ca43e3a5a53c227d87165a9e60edf81519d03891f"
        },
        "pipfile-spec": 6,
        "requires": {
            "python_version": "3.7"
        },
        "sources": [
            {
                "name": "pypi",
                "url": "https://pypi.org/simple",
                "verify_ssl": true
            }
        ]
    },
    "default": {
        "colorama": {
            "hashes": [
                "sha256:5941b2b48a20143d2267e95b1c2a7603ce057ee39fd88e7329b0c292aa16869b",
                "sha256:9f47eda37229f68eee03b24b9748937c7dc3868f906e8ba69fbcbdd3bc5dc3e2"
            ],
            "markers": "sys_platform == 'win32'",
            "version": "==0.4.4"
        },
        "logzero": {
            "hashes": [
                "sha256:23eb1f717a2736f9ab91ca0d43160fd2c996ad49ae6bad34652d47aba908769d",
                "sha256:7f73ddd3ae393457236f081ffebd044a3aa2e423a47ae6ddb5179ab90d0ad082"
            ],
            "index": "pypi",
            "version": "==1.7.0"
        },
        "rez": {
            "hashes": [
                "sha256:401242812be5c30b9a04921177aef380e5788f9dfd7fac1d73d73773e14efc5d",
                "sha256:df563258185e50b99b0f1fd612fb86e7d46091d788d897732ede02d2011dba45"
            ],
            "index": "pypi",
            "version": "==2.91.0"
        }
    },
    "develop": {}
}
